// !$*UTF8*$!
{
	archiveVersion = 1;
	classes = {
	};
	objectVersion = 56;
	objects = {

/* Begin PBXBuildFile section */
		540BCA2E2A8B209C00FF1D27 /* LandmarkDetail.swift in Sources */ = {isa = PBXBuildFile; fileRef = 540BCA2D2A8B209C00FF1D27 /* LandmarkDetail.swift */; };
		54C998DA2A89DEBD007D47D1 /* MapView.swift in Sources */ = {isa = PBXBuildFile; fileRef = 54C998D92A89DEBD007D47D1 /* MapView.swift */; };
		54C998DC2A8A1349007D47D1 /* landmarkData.json in Resources */ = {isa = PBXBuildFile; fileRef = 54C998DB2A8A1349007D47D1 /* landmarkData.json */; };
		54C998DE2A8A1380007D47D1 /* Landmark.swift in Sources */ = {isa = PBXBuildFile; fileRef = 54C998DD2A8A1380007D47D1 /* Landmark.swift */; };
		54C998E02A8A1840007D47D1 /* ModelData.swift in Sources */ = {isa = PBXBuildFile; fileRef = 54C998DF2A8A1840007D47D1 /* ModelData.swift */; };
		54C998E62A8A29A4007D47D1 /* LandmarkRow.swift in Sources */ = {isa = PBXBuildFile; fileRef = 54C998E52A8A29A4007D47D1 /* LandmarkRow.swift */; };
		54C998E82A8A2EDA007D47D1 /* LandmarkList.swift in Sources */ = {isa = PBXBuildFile; fileRef = 54C998E72A8A2EDA007D47D1 /* LandmarkList.swift */; };
		54D4030C2A82285900A691F3 /* LandmarksApp.swift in Sources */ = {isa = PBXBuildFile; fileRef = 54D4030B2A82285900A691F3 /* LandmarksApp.swift */; };
		54D4030E2A82285900A691F3 /* ContentView.swift in Sources */ = {isa = PBXBuildFile; fileRef = 54D4030D2A82285900A691F3 /* ContentView.swift */; };
		54D403102A82285B00A691F3 /* Assets.xcassets in Resources */ = {isa = PBXBuildFile; fileRef = 54D4030F2A82285B00A691F3 /* Assets.xcassets */; };
		54D403132A82285B00A691F3 /* Preview Assets.xcassets in Resources */ = {isa = PBXBuildFile; fileRef = 54D403122A82285B00A691F3 /* Preview Assets.xcassets */; };
		54DCFED62A8618CA00D30EA3 /* CircleImage.swift in Sources */ = {isa = PBXBuildFile; fileRef = 54DCFED52A8618CA00D30EA3 /* CircleImage.swift */; };
/* End PBXBuildFile section */

/* Begin PBXFileReference section */
		540BCA2D2A8B209C00FF1D27 /* LandmarkDetail.swift */ = {isa = PBXFileReference; lastKnownFileType = sourcecode.swift; path = LandmarkDetail.swift; sourceTree = "<group>"; };
		54C998D92A89DEBD007D47D1 /* MapView.swift */ = {isa = PBXFileReference; lastKnownFileType = sourcecode.swift; path = MapView.swift; sourceTree = "<group>"; };
		54C998DB2A8A1349007D47D1 /* landmarkData.json */ = {isa = PBXFileReference; fileEncoding = 4; lastKnownFileType = text.json; path = landmarkData.json; sourceTree = "<group>"; };
		54C998DD2A8A1380007D47D1 /* Landmark.swift */ = {isa = PBXFileReference; lastKnownFileType = sourcecode.swift; path = Landmark.swift; sourceTree = "<group>"; };
		54C998DF2A8A1840007D47D1 /* ModelData.swift */ = {isa = PBXFileReference; lastKnownFileType = sourcecode.swift; path = ModelData.swift; sourceTree = "<group>"; };
		54C998E52A8A29A4007D47D1 /* LandmarkRow.swift */ = {isa = PBXFileReference; lastKnownFileType = sourcecode.swift; path = LandmarkRow.swift; sourceTree = "<group>"; };
		54C998E72A8A2EDA007D47D1 /* LandmarkList.swift */ = {isa = PBXFileReference; lastKnownFileType = sourcecode.swift; path = LandmarkList.swift; sourceTree = "<group>"; };
		54D403082A82285900A691F3 /* Landmarks.app */ = {isa = PBXFileReference; explicitFileType = wrapper.application; includeInIndex = 0; path = Landmarks.app; sourceTree = BUILT_PRODUCTS_DIR; };
		54D4030B2A82285900A691F3 /* LandmarksApp.swift */ = {isa = PBXFileReference; lastKnownFileType = sourcecode.swift; path = LandmarksApp.swift; sourceTree = "<group>"; };
		54D4030D2A82285900A691F3 /* ContentView.swift */ = {isa = PBXFileReference; lastKnownFileType = sourcecode.swift; path = ContentView.swift; sourceTree = "<group>"; };
		54D4030F2A82285B00A691F3 /* Assets.xcassets */ = {isa = PBXFileReference; lastKnownFileType = folder.assetcatalog; path = Assets.xcassets; sourceTree = "<group>"; };
		54D403122A82285B00A691F3 /* Preview Assets.xcassets */ = {isa = PBXFileReference; lastKnownFileType = folder.assetcatalog; path = "Preview Assets.xcassets"; sourceTree = "<group>"; };
		54DCFED52A8618CA00D30EA3 /* CircleImage.swift */ = {isa = PBXFileReference; lastKnownFileType = sourcecode.swift; path = CircleImage.swift; sourceTree = "<group>"; };
/* End PBXFileReference section */

/* Begin PBXFrameworksBuildPhase section */
		54D403052A82285900A691F3 /* Frameworks */ = {
			isa = PBXFrameworksBuildPhase;
			buildActionMask = 2147483647;
			files = (
			);
			runOnlyForDeploymentPostprocessing = 0;
		};
/* End PBXFrameworksBuildPhase section */

/* Begin PBXGroup section */
		54C998E12A8A2870007D47D1 /* Views */ = {
			isa = PBXGroup;
			children = (
				54DCFED52A8618CA00D30EA3 /* CircleImage.swift */,
				54C998D92A89DEBD007D47D1 /* MapView.swift */,
				54D4030D2A82285900A691F3 /* ContentView.swift */,
				54C998E52A8A29A4007D47D1 /* LandmarkRow.swift */,
				54C998E72A8A2EDA007D47D1 /* LandmarkList.swift */,
				540BCA2D2A8B209C00FF1D27 /* LandmarkDetail.swift */,
			);
			path = Views;
			sourceTree = "<group>";
		};
		54C998E32A8A28B6007D47D1 /* Model */ = {
			isa = PBXGroup;
			children = (
				54C998DD2A8A1380007D47D1 /* Landmark.swift */,
				54C998DF2A8A1840007D47D1 /* ModelData.swift */,
			);
			path = Model;
			sourceTree = "<group>";
		};
		54C998E42A8A28D8007D47D1 /* Resources */ = {
			isa = PBXGroup;
			children = (
				54C998DB2A8A1349007D47D1 /* landmarkData.json */,
			);
			path = Resources;
			sourceTree = "<group>";
		};
		54D402FF2A82285900A691F3 = {
			isa = PBXGroup;
			children = (
				54D4030A2A82285900A691F3 /* Landmarks */,
				54D403092A82285900A691F3 /* Products */,
			);
			sourceTree = "<group>";
		};
		54D403092A82285900A691F3 /* Products */ = {
			isa = PBXGroup;
			children = (
				54D403082A82285900A691F3 /* Landmarks.app */,
			);
			name = Products;
			sourceTree = "<group>";
		};
		54D4030A2A82285900A691F3 /* Landmarks */ = {
			isa = PBXGroup;
			children = (
				54D4030B2A82285900A691F3 /* LandmarksApp.swift */,
				54D4030F2A82285B00A691F3 /* Assets.xcassets */,
				54C998E42A8A28D8007D47D1 /* Resources */,
				54C998E32A8A28B6007D47D1 /* Model */,
				54C998E12A8A2870007D47D1 /* Views */,
				54D403112A82285B00A691F3 /* Preview Content */,
			);
			path = Landmarks;
			sourceTree = "<group>";
		};
		54D403112A82285B00A691F3 /* Preview Content */ = {
			isa = PBXGroup;
			children = (
				54D403122A82285B00A691F3 /* Preview Assets.xcassets */,
			);
			path = "Preview Content";
			sourceTree = "<group>";
		};
/* End PBXGroup section */

/* Begin PBXNativeTarget section */
		54D403072A82285900A691F3 /* Landmarks */ = {
			isa = PBXNativeTarget;
			buildConfigurationList = 54D403162A82285B00A691F3 /* Build configuration list for PBXNativeTarget "Landmarks" */;
			buildPhases = (
				54D403042A82285900A691F3 /* Sources */,
				54D403052A82285900A691F3 /* Frameworks */,
				54D403062A82285900A691F3 /* Resources */,
			);
			buildRules = (
			);
			dependencies = (
			);
			name = Landmarks;
			productName = Landmarks;
			productReference = 54D403082A82285900A691F3 /* Landmarks.app */;
			productType = "com.apple.product-type.application";
		};
/* End PBXNativeTarget section */

/* Begin PBXProject section */
		54D403002A82285900A691F3 /* Project object */ = {
			isa = PBXProject;
			attributes = {
				BuildIndependentTargetsInParallel = 1;
				LastSwiftUpdateCheck = 1420;
				LastUpgradeCheck = 1420;
				TargetAttributes = {
					54D403072A82285900A691F3 = {
						CreatedOnToolsVersion = 14.2;
					};
				};
			};
			buildConfigurationList = 54D403032A82285900A691F3 /* Build configuration list for PBXProject "Landmarks" */;
			compatibilityVersion = "Xcode 14.0";
			developmentRegion = en;
			hasScannedForEncodings = 0;
			knownRegions = (
				en,
				Base,
			);
			mainGroup = 54D402FF2A82285900A691F3;
			productRefGroup = 54D403092A82285900A691F3 /* Products */;
			projectDirPath = "";
			projectRoot = "";
			targets = (
				54D403072A82285900A691F3 /* Landmarks */,
			);
		};
/* End PBXProject section */

/* Begin PBXResourcesBuildPhase section */
		54D403062A82285900A691F3 /* Resources */ = {
			isa = PBXResourcesBuildPhase;
			buildActionMask = 2147483647;
			files = (
				54D403132A82285B00A691F3 /* Preview Assets.xcassets in Resources */,
				54D403102A82285B00A691F3 /* Assets.xcassets in Resources */,
				54C998DC2A8A1349007D47D1 /* landmarkData.json in Resources */,
			);
			runOnlyForDeploymentPostprocessing = 0;
		};
/* End PBXResourcesBuildPhase section */

/* Begin PBXSourcesBuildPhase section */
		54D403042A82285900A691F3 /* Sources */ = {
			isa = PBXSourcesBuildPhase;
			buildActionMask = 2147483647;
			files = (
				54D4030E2A82285900A691F3 /* ContentView.swift in Sources */,
				54C998DA2A89DEBD007D47D1 /* MapView.swift in Sources */,
				54D4030C2A82285900A691F3 /* LandmarksApp.swift in Sources */,
				54C998E82A8A2EDA007D47D1 /* LandmarkList.swift in Sources */,
				540BCA2E2A8B209C00FF1D27 /* LandmarkDetail.swift in Sources */,
				54DCFED62A8618CA00D30EA3 /* CircleImage.swift in Sources */,
				54C998DE2A8A1380007D47D1 /* Landmark.swift in Sources */,
				54C998E62A8A29A4007D47D1 /* LandmarkRow.swift in Sources */,
				54C998E02A8A1840007D47D1 /* ModelData.swift in Sources */,
			);
			runOnlyForDeploymentPostprocessing = 0;
		};
/* End PBXSourcesBuildPhase section */

/* Begin XCBuildConfiguration section */
		54D403142A82285B00A691F3 /* Debug */ = {
			isa = XCBuildConfiguration;
			buildSettings = {
				ALWAYS_SEARCH_USER_PATHS = NO;
				CLANG_ANALYZER_NONNULL = YES;
				CLANG_ANALYZER_NUMBER_OBJECT_CONVERSION = YES_AGGRESSIVE;
				CLANG_CXX_LANGUAGE_STANDARD = "gnu++20";
				CLANG_ENABLE_MODULES = YES;
				CLANG_ENABLE_OBJC_ARC = YES;
				CLANG_ENABLE_OBJC_WEAK = YES;
				CLANG_WARN_BLOCK_CAPTURE_AUTORELEASING = YES;
				CLANG_WARN_BOOL_CONVERSION = YES;
				CLANG_WARN_COMMA = YES;
				CLANG_WARN_CONSTANT_CONVERSION = YES;
				CLANG_WARN_DEPRECATED_OBJC_IMPLEMENTATIONS = YES;
				CLANG_WARN_DIRECT_OBJC_ISA_USAGE = YES_ERROR;
				CLANG_WARN_DOCUMENTATION_COMMENTS = YES;
				CLANG_WARN_EMPTY_BODY = YES;
				CLANG_WARN_ENUM_CONVERSION = YES;
				CLANG_WARN_INFINITE_RECURSION = YES;
				CLANG_WARN_INT_CONVERSION = YES;
				CLANG_WARN_NON_LITERAL_NULL_CONVERSION = YES;
				CLANG_WARN_OBJC_IMPLICIT_RETAIN_SELF = YES;
				CLANG_WARN_OBJC_LITERAL_CONVERSION = YES;
				CLANG_WARN_OBJC_ROOT_CLASS = YES_ERROR;
				CLANG_WARN_QUOTED_INCLUDE_IN_FRAMEWORK_HEADER = YES;
				CLANG_WARN_RANGE_LOOP_ANALYSIS = YES;
				CLANG_WARN_STRICT_PROTOTYPES = YES;
				CLANG_WARN_SUSPICIOUS_MOVE = YES;
				CLANG_WARN_UNGUARDED_AVAILABILITY = YES_AGGRESSIVE;
				CLANG_WARN_UNREACHABLE_CODE = YES;
				CLANG_WARN__DUPLICATE_METHOD_MATCH = YES;
				COPY_PHASE_STRIP = NO;
				DEBUG_INFORMATION_FORMAT = dwarf;
				ENABLE_STRICT_OBJC_MSGSEND = YES;
				ENABLE_TESTABILITY = YES;
				GCC_C_LANGUAGE_STANDARD = gnu11;
				GCC_DYNAMIC_NO_PIC = NO;
				GCC_NO_COMMON_BLOCKS = YES;
				GCC_OPTIMIZATION_LEVEL = 0;
				GCC_PREPROCESSOR_DEFINITIONS = (
					"DEBUG=1",
					"$(inherited)",
				);
				GCC_WARN_64_TO_32_BIT_CONVERSION = YES;
				GCC_WARN_ABOUT_RETURN_TYPE = YES_ERROR;
				GCC_WARN_UNDECLARED_SELECTOR = YES;
				GCC_WARN_UNINITIALIZED_AUTOS = YES_AGGRESSIVE;
				GCC_WARN_UNUSED_FUNCTION = YES;
				GCC_WARN_UNUSED_VARIABLE = YES;
				IPHONEOS_DEPLOYMENT_TARGET = 16.2;
				MTL_ENABLE_DEBUG_INFO = INCLUDE_SOURCE;
				MTL_FAST_MATH = YES;
				ONLY_ACTIVE_ARCH = YES;
				SDKROOT = iphoneos;
				SWIFT_ACTIVE_COMPILATION_CONDITIONS = DEBUG;
				SWIFT_OPTIMIZATION_LEVEL = "-Onone";
			};
			name = Debug;
		};
		54D403152A82285B00A691F3 /* Release */ = {
			isa = XCBuildConfiguration;
			buildSettings = {
				ALWAYS_SEARCH_USER_PATHS = NO;
				CLANG_ANALYZER_NONNULL = YES;
				CLANG_ANALYZER_NUMBER_OBJECT_CONVERSION = YES_AGGRESSIVE;
				CLANG_CXX_LANGUAGE_STANDARD = "gnu++20";
				CLANG_ENABLE_MODULES = YES;
				CLANG_ENABLE_OBJC_ARC = YES;
				CLANG_ENABLE_OBJC_WEAK = YES;
				CLANG_WARN_BLOCK_CAPTURE_AUTORELEASING = YES;
				CLANG_WARN_BOOL_CONVERSION = YES;
				CLANG_WARN_COMMA = YES;
				CLANG_WARN_CONSTANT_CONVERSION = YES;
				CLANG_WARN_DEPRECATED_OBJC_IMPLEMENTATIONS = YES;
				CLANG_WARN_DIRECT_OBJC_ISA_USAGE = YES_ERROR;
				CLANG_WARN_DOCUMENTATION_COMMENTS = YES;
				CLANG_WARN_EMPTY_BODY = YES;
				CLANG_WARN_ENUM_CONVERSION = YES;
				CLANG_WARN_INFINITE_RECURSION = YES;
				CLANG_WARN_INT_CONVERSION = YES;
				CLANG_WARN_NON_LITERAL_NULL_CONVERSION = YES;
				CLANG_WARN_OBJC_IMPLICIT_RETAIN_SELF = YES;
				CLANG_WARN_OBJC_LITERAL_CONVERSION = YES;
				CLANG_WARN_OBJC_ROOT_CLASS = YES_ERROR;
				CLANG_WARN_QUOTED_INCLUDE_IN_FRAMEWORK_HEADER = YES;
				CLANG_WARN_RANGE_LOOP_ANALYSIS = YES;
				CLANG_WARN_STRICT_PROTOTYPES = YES;
				CLANG_WARN_SUSPICIOUS_MOVE = YES;
				CLANG_WARN_UNGUARDED_AVAILABILITY = YES_AGGRESSIVE;
				CLANG_WARN_UNREACHABLE_CODE = YES;
				CLANG_WARN__DUPLICATE_METHOD_MATCH = YES;
				COPY_PHASE_STRIP = NO;
				DEBUG_INFORMATION_FORMAT = "dwarf-with-dsym";
				ENABLE_NS_ASSERTIONS = NO;
				ENABLE_STRICT_OBJC_MSGSEND = YES;
				GCC_C_LANGUAGE_STANDARD = gnu11;
				GCC_NO_COMMON_BLOCKS = YES;
				GCC_WARN_64_TO_32_BIT_CONVERSION = YES;
				GCC_WARN_ABOUT_RETURN_TYPE = YES_ERROR;
				GCC_WARN_UNDECLARED_SELECTOR = YES;
				GCC_WARN_UNINITIALIZED_AUTOS = YES_AGGRESSIVE;
				GCC_WARN_UNUSED_FUNCTION = YES;
				GCC_WARN_UNUSED_VARIABLE = YES;
				IPHONEOS_DEPLOYMENT_TARGET = 16.2;
				MTL_ENABLE_DEBUG_INFO = NO;
				MTL_FAST_MATH = YES;
				SDKROOT = iphoneos;
				SWIFT_COMPILATION_MODE = wholemodule;
				SWIFT_OPTIMIZATION_LEVEL = "-O";
				VALIDATE_PRODUCT = YES;
			};
			name = Release;
		};
		54D403172A82285B00A691F3 /* Debug */ = {
			isa = XCBuildConfiguration;
			buildSettings = {
				ASSETCATALOG_COMPILER_APPICON_NAME = AppIcon;
				ASSETCATALOG_COMPILER_GLOBAL_ACCENT_COLOR_NAME = AccentColor;
				CODE_SIGN_STYLE = Automatic;
				CURRENT_PROJECT_VERSION = 1;
				DEVELOPMENT_ASSET_PATHS = "\"Landmarks/Preview Content\"";
				ENABLE_PREVIEWS = YES;
				GENERATE_INFOPLIST_FILE = YES;
				INFOPLIST_KEY_UIApplicationSceneManifest_Generation = YES;
				INFOPLIST_KEY_UIApplicationSupportsIndirectInputEvents = YES;
				INFOPLIST_KEY_UILaunchScreen_Generation = YES;
				INFOPLIST_KEY_UISupportedInterfaceOrientations_iPad = "UIInterfaceOrientationPortrait UIInterfaceOrientationPortraitUpsideDown UIInterfaceOrientationLandscapeLeft UIInterfaceOrientationLandscapeRight";
				INFOPLIST_KEY_UISupportedInterfaceOrientations_iPhone = "UIInterfaceOrientationPortrait UIInterfaceOrientationLandscapeLeft UIInterfaceOrientationLandscapeRight";
				LD_RUNPATH_SEARCH_PATHS = (
					"$(inherited)",
					"@executable_path/Frameworks",
				);
				MARKETING_VERSION = 1.0;
				PRODUCT_BUNDLE_IDENTIFIER = com.example.Landmarks;
				PRODUCT_NAME = "$(TARGET_NAME)";
				SWIFT_EMIT_LOC_STRINGS = YES;
				SWIFT_VERSION = 5.0;
				TARGETED_DEVICE_FAMILY = "1,2";
			};
			name = Debug;
		};
		54D403182A82285B00A691F3 /* Release */ = {
			isa = XCBuildConfiguration;
			buildSettings = {
				ASSETCATALOG_COMPILER_APPICON_NAME = AppIcon;
				ASSETCATALOG_COMPILER_GLOBAL_ACCENT_COLOR_NAME = AccentColor;
				CODE_SIGN_STYLE = Automatic;
				CURRENT_PROJECT_VERSION = 1;
				DEVELOPMENT_ASSET_PATHS = "\"Landmarks/Preview Content\"";
				ENABLE_PREVIEWS = YES;
				GENERATE_INFOPLIST_FILE = YES;
				INFOPLIST_KEY_UIApplicationSceneManifest_Generation = YES;
				INFOPLIST_KEY_UIApplicationSupportsIndirectInputEvents = YES;
				INFOPLIST_KEY_UILaunchScreen_Generation = YES;
				INFOPLIST_KEY_UISupportedInterfaceOrientations_iPad = "UIInterfaceOrientationPortrait UIInterfaceOrientationPortraitUpsideDown UIInterfaceOrientationLandscapeLeft UIInterfaceOrientationLandscapeRight";
				INFOPLIST_KEY_UISupportedInterfaceOrientations_iPhone = "UIInterfaceOrientationPortrait UIInterfaceOrientationLandscapeLeft UIInterfaceOrientationLandscapeRight";
				LD_RUNPATH_SEARCH_PATHS = (
					"$(inherited)",
					"@executable_path/Frameworks",
				);
				MARKETING_VERSION = 1.0;
				PRODUCT_BUNDLE_IDENTIFIER = com.example.Landmarks;
				PRODUCT_NAME = "$(TARGET_NAME)";
				SWIFT_EMIT_LOC_STRINGS = YES;
				SWIFT_VERSION = 5.0;
				TARGETED_DEVICE_FAMILY = "1,2";
			};
			name = Release;
		};
/* End XCBuildConfiguration section */

/* Begin XCConfigurationList section */
		54D403032A82285900A691F3 /* Build configuration list for PBXProject "Landmarks" */ = {
			isa = XCConfigurationList;
			buildConfigurations = (
				54D403142A82285B00A691F3 /* Debug */,
				54D403152A82285B00A691F3 /* Release */,
			);
			defaultConfigurationIsVisible = 0;
			defaultConfigurationName = Release;
		};
		54D403162A82285B00A691F3 /* Build configuration list for PBXNativeTarget "Landmarks" */ = {
			isa = XCConfigurationList;
			buildConfigurations = (
				54D403172A82285B00A691F3 /* Debug */,
				54D403182A82285B00A691F3 /* Release */,
			);
			defaultConfigurationIsVisible = 0;
			defaultConfigurationName = Release;
		};
/* End XCConfigurationList section */
	};
	rootObject = 54D403002A82285900A691F3 /* Project object */;
}
